
Microsoft Visual Studio Solution File, Format Version 10.00
# Visual C# Express 2008
Project("{FAE04EC0-301F-11D3-BF4B-00C04F79EFBC}") = "FileGlobberProject", "FileGlobberProject.csproj", "{C01F0C84-9ECF-49C3-8F8B-392A5AF88964}"
EndProject
Project("{FAE04EC0-301F-11D3-BF4B-00C04F79EFBC}") = "ClassLibraryDemo", "..\ClassLibraryDemo\ClassLibraryDemo.csproj", "{C0D42747-A8A0-4ACC-9059-DCCA4E308DF1}"
EndProject
Project("{FAE04EC0-301F-11D3-BF4B-00C04F79EFBC}") = "ConAppMyGlob", "..\ConAppMyGlob\ConAppMyGlob.csproj", "{598B34C5-555C-4202-AB94-F40C9F87A832}"
EndProject
Project("{FAE04EC0-301F-11D3-BF4B-00C04F79EFBC}") = "WinAppMyGlob", "..\WinAppMyGlob\WinAppMyGlob.csproj", "{54ECBBB8-3C2A-4DFA-AA94-CD6BFE912AE3}"
EndProject
Project("{FAE04EC0-301F-11D3-BF4B-00C04F79EFBC}") = "WinAppKiller", "..\WinAppKiller\WinAppKiller.csproj", "{7DD5F11C-F710-4AC8-BEB4-68BF783472D7}"
EndProject
Global
	GlobalSection(SolutionConfigurationPlatforms) = preSolution
		Debug|Any CPU = Debug|Any CPU
		Debug|x86 = Debug|x86
		Release|Any CPU = Release|Any CPU
		Release|x86 = Release|x86
	EndGlobalSection
	GlobalSection(ProjectConfigurationPlatforms) = postSolution
		{C01F0C84-9ECF-49C3-8F8B-392A5AF88964}.Debug|Any CPU.ActiveCfg = Debug|Any CPU
		{C01F0C84-9ECF-49C3-8F8B-392A5AF88964}.Debug|Any CPU.Build.0 = Debug|Any CPU
		{C01F0C84-9ECF-49C3-8F8B-392A5AF88964}.Debug|x86.ActiveCfg = Debug|Any CPU
		{C01F0C84-9ECF-49C3-8F8B-392A5AF88964}.Release|Any CPU.ActiveCfg = Release|Any CPU
		{C01F0C84-9ECF-49C3-8F8B-392A5AF88964}.Release|Any CPU.Build.0 = Release|Any CPU
		{C01F0C84-9ECF-49C3-8F8B-392A5AF88964}.Release|x86.ActiveCfg = Release|Any CPU
		{C0D42747-A8A0-4ACC-9059-DCCA4E308DF1}.Debug|Any CPU.ActiveCfg = Debug|Any CPU
		{C0D42747-A8A0-4ACC-9059-DCCA4E308DF1}.Debug|Any CPU.Build.0 = Debug|Any CPU
		{C0D42747-A8A0-4ACC-9059-DCCA4E308DF1}.Debug|x86.ActiveCfg = Debug|Any CPU
		{C0D42747-A8A0-4ACC-9059-DCCA4E308DF1}.Release|Any CPU.ActiveCfg = Release|Any CPU
		{C0D42747-A8A0-4ACC-9059-DCCA4E308DF1}.Release|Any CPU.Build.0 = Release|Any CPU
		{C0D42747-A8A0-4ACC-9059-DCCA4E308DF1}.Release|x86.ActiveCfg = Release|Any CPU
		{598B34C5-555C-4202-AB94-F40C9F87A832}.Debug|Any CPU.ActiveCfg = Debug|Any CPU
		{598B34C5-555C-4202-AB94-F40C9F87A832}.Debug|Any CPU.Build.0 = Debug|Any CPU
		{598B34C5-555C-4202-AB94-F40C9F87A832}.Debug|x86.ActiveCfg = Debug|Any CPU
		{598B34C5-555C-4202-AB94-F40C9F87A832}.Release|Any CPU.ActiveCfg = Release|Any CPU
		{598B34C5-555C-4202-AB94-F40C9F87A832}.Release|Any CPU.Build.0 = Release|Any CPU
		{598B34C5-555C-4202-AB94-F40C9F87A832}.Release|x86.ActiveCfg = Release|Any CPU
		{54ECBBB8-3C2A-4DFA-AA94-CD6BFE912AE3}.Debug|Any CPU.ActiveCfg = Debug|Any CPU
		{54ECBBB8-3C2A-4DFA-AA94-CD6BFE912AE3}.Debug|Any CPU.Build.0 = Debug|Any CPU
		{54ECBBB8-3C2A-4DFA-AA94-CD6BFE912AE3}.Debug|x86.ActiveCfg = Debug|x86
		{54ECBBB8-3C2A-4DFA-AA94-CD6BFE912AE3}.Debug|x86.Build.0 = Debug|x86
		{54ECBBB8-3C2A-4DFA-AA94-CD6BFE912AE3}.Release|Any CPU.ActiveCfg = Release|Any CPU
		{54ECBBB8-3C2A-4DFA-AA94-CD6BFE912AE3}.Release|Any CPU.Build.0 = Release|Any CPU
		{54ECBBB8-3C2A-4DFA-AA94-CD6BFE912AE3}.Release|x86.ActiveCfg = Release|x86
		{54ECBBB8-3C2A-4DFA-AA94-CD6BFE912AE3}.Release|x86.Build.0 = Release|x86
		{7DD5F11C-F710-4AC8-BEB4-68BF783472D7}.Debug|Any CPU.ActiveCfg = Debug|Any CPU
		{7DD5F11C-F710-4AC8-BEB4-68BF783472D7}.Debug|Any CPU.Build.0 = Debug|Any CPU
		{7DD5F11C-F710-4AC8-BEB4-68BF783472D7}.Debug|x86.ActiveCfg = Debug|Any CPU
		{7DD5F11C-F710-4AC8-BEB4-68BF783472D7}.Release|Any CPU.ActiveCfg = Release|Any CPU
		{7DD5F11C-F710-4AC8-BEB4-68BF783472D7}.Release|Any CPU.Build.0 = Release|Any CPU
		{7DD5F11C-F710-4AC8-BEB4-68BF783472D7}.Release|x86.ActiveCfg = Release|Any CPU
	EndGlobalSection
	GlobalSection(SolutionProperties) = preSolution
		HideSolutionNode = FALSE
	EndGlobalSection
EndGlobal
