
Microsoft Visual Studio Solution File, Format Version 10.00
# Visual C# Express 2008
Project("{FAE04EC0-301F-11D3-BF4B-00C04F79EFBC}") = "HelloWorld", "HelloWorld\HelloWorld.csproj", "{AFDBD4C0-9B87-41F6-B19E-A84311CBFB5A}"
EndProject
Project("{FAE04EC0-301F-11D3-BF4B-00C04F79EFBC}") = "WindowsFormsApplication1", "WindowsFormsApplication1\WindowsFormsApplication1.csproj", "{BE61FCCB-ACBB-4536-9188-7239C150532A}"
EndProject
Global
	GlobalSection(SolutionConfigurationPlatforms) = preSolution
		Debug|Any CPU = Debug|Any CPU
		Release|Any CPU = Release|Any CPU
	EndGlobalSection
	GlobalSection(ProjectConfigurationPlatforms) = postSolution
		{AFDBD4C0-9B87-41F6-B19E-A84311CBFB5A}.Debug|Any CPU.ActiveCfg = Debug|Any CPU
		{AFDBD4C0-9B87-41F6-B19E-A84311CBFB5A}.Debug|Any CPU.Build.0 = Debug|Any CPU
		{AFDBD4C0-9B87-41F6-B19E-A84311CBFB5A}.Release|Any CPU.ActiveCfg = Release|Any CPU
		{AFDBD4C0-9B87-41F6-B19E-A84311CBFB5A}.Release|Any CPU.Build.0 = Release|Any CPU
		{BE61FCCB-ACBB-4536-9188-7239C150532A}.Debug|Any CPU.ActiveCfg = Debug|Any CPU
		{BE61FCCB-ACBB-4536-9188-7239C150532A}.Debug|Any CPU.Build.0 = Debug|Any CPU
		{BE61FCCB-ACBB-4536-9188-7239C150532A}.Release|Any CPU.ActiveCfg = Release|Any CPU
		{BE61FCCB-ACBB-4536-9188-7239C150532A}.Release|Any CPU.Build.0 = Release|Any CPU
	EndGlobalSection
	GlobalSection(SolutionProperties) = preSolution
		HideSolutionNode = FALSE
	EndGlobalSection
EndGlobal
