
Microsoft Visual Studio Solution File, Format Version 11.00
# Visual Studio 2010
Project("{FAE04EC0-301F-11D3-BF4B-00C04F79EFBC}") = "ExcelAutomationClient", "ExcelAutomationClient.csproj", "{34BC788E-6A6E-44CA-AB00-7BB7ED7925D4}"
EndProject
Project("{FAE04EC0-301F-11D3-BF4B-00C04F79EFBC}") = "FileSelector", "..\FileSelector\FileSelector.csproj", "{70DDC2AB-ECAC-4B57-ACDD-0EEC967EBBAD}"
EndProject
Project("{FAE04EC0-301F-11D3-BF4B-00C04F79EFBC}") = "MyConfigurator", "..\MyConfigurator\MyConfigurator.csproj", "{BE61FCCB-ACBB-4536-9188-7239C150532A}"
EndProject
Global
	GlobalSection(SolutionConfigurationPlatforms) = preSolution
		Debug|Any CPU = Debug|Any CPU
		Debug|x86 = Debug|x86
		Release|Any CPU = Release|Any CPU
		Release|x86 = Release|x86
	EndGlobalSection
	GlobalSection(ProjectConfigurationPlatforms) = postSolution
		{34BC788E-6A6E-44CA-AB00-7BB7ED7925D4}.Debug|Any CPU.ActiveCfg = Debug|Any CPU
		{34BC788E-6A6E-44CA-AB00-7BB7ED7925D4}.Debug|Any CPU.Build.0 = Debug|Any CPU
		{34BC788E-6A6E-44CA-AB00-7BB7ED7925D4}.Debug|x86.ActiveCfg = Debug|Any CPU
		{34BC788E-6A6E-44CA-AB00-7BB7ED7925D4}.Release|Any CPU.ActiveCfg = Release|Any CPU
		{34BC788E-6A6E-44CA-AB00-7BB7ED7925D4}.Release|Any CPU.Build.0 = Release|Any CPU
		{34BC788E-6A6E-44CA-AB00-7BB7ED7925D4}.Release|x86.ActiveCfg = Release|Any CPU
		{70DDC2AB-ECAC-4B57-ACDD-0EEC967EBBAD}.Debug|Any CPU.ActiveCfg = Debug|Any CPU
		{70DDC2AB-ECAC-4B57-ACDD-0EEC967EBBAD}.Debug|Any CPU.Build.0 = Debug|Any CPU
		{70DDC2AB-ECAC-4B57-ACDD-0EEC967EBBAD}.Debug|x86.ActiveCfg = Debug|Any CPU
		{70DDC2AB-ECAC-4B57-ACDD-0EEC967EBBAD}.Release|Any CPU.ActiveCfg = Release|Any CPU
		{70DDC2AB-ECAC-4B57-ACDD-0EEC967EBBAD}.Release|Any CPU.Build.0 = Release|Any CPU
		{70DDC2AB-ECAC-4B57-ACDD-0EEC967EBBAD}.Release|x86.ActiveCfg = Release|Any CPU
		{BE61FCCB-ACBB-4536-9188-7239C150532A}.Debug|Any CPU.ActiveCfg = Debug|Any CPU
		{BE61FCCB-ACBB-4536-9188-7239C150532A}.Debug|Any CPU.Build.0 = Debug|Any CPU
		{BE61FCCB-ACBB-4536-9188-7239C150532A}.Debug|x86.ActiveCfg = Debug|x86
		{BE61FCCB-ACBB-4536-9188-7239C150532A}.Debug|x86.Build.0 = Debug|x86
		{BE61FCCB-ACBB-4536-9188-7239C150532A}.Release|Any CPU.ActiveCfg = Release|Any CPU
		{BE61FCCB-ACBB-4536-9188-7239C150532A}.Release|Any CPU.Build.0 = Release|Any CPU
		{BE61FCCB-ACBB-4536-9188-7239C150532A}.Release|x86.ActiveCfg = Release|x86
		{BE61FCCB-ACBB-4536-9188-7239C150532A}.Release|x86.Build.0 = Release|x86
	EndGlobalSection
	GlobalSection(SolutionProperties) = preSolution
		HideSolutionNode = FALSE
	EndGlobalSection
EndGlobal
